{
  "name": "pass",
  "version": "0.1.0",
  "lockfileVersion": 1,
  "requires": true,
  "dependencies": {
    "dimitri": {
      "version": "0.1.2",
      "resolved": "https://registry.npmjs.org/dimitri/-/dimitri-0.1.2.tgz",
      "integrity": "sha512-bEqOPHQT6nmERvewU6+Z5BAa6eUHiXGrfCyIeg+MCInBbI19tRsnXZTPfLydhwlJsdgtjBQFZl76gwje4EwcBg=="
    }
  }
}
